// !$*UTF8*$!
{
	archiveVersion = 1;
	classes = {
	};
	objectVersion = 46;
	objects = {

/* Begin PBXBuildFile section */
		AD72C3BD177B7E27009AADC8 /* Foundation.framework in Frameworks */ = {isa = PBXBuildFile; fileRef = AD72C3BC177B7E27009AADC8 /* Foundation.framework */; };
		AD72C3BF177B7E27009AADC8 /* CoreGraphics.framework in Frameworks */ = {isa = PBXBuildFile; fileRef = AD72C3BE177B7E27009AADC8 /* CoreGraphics.framework */; };
		AD72C3C1177B7E27009AADC8 /* UIKit.framework in Frameworks */ = {isa = PBXBuildFile; fileRef = AD72C3C0177B7E27009AADC8 /* UIKit.framework */; };
		AD72C3C3177B7E27009AADC8 /* CoreData.framework in Frameworks */ = {isa = PBXBuildFile; fileRef = AD72C3C2177B7E27009AADC8 /* CoreData.framework */; };
		AD72C3C9177B7E27009AADC8 /* InfoPlist.strings in Resources */ = {isa = PBXBuildFile; fileRef = AD72C3C7177B7E27009AADC8 /* InfoPlist.strings */; };
		AD72C3CB177B7E27009AADC8 /* main.m in Sources */ = {isa = PBXBuildFile; fileRef = AD72C3CA177B7E27009AADC8 /* main.m */; };
		AD72C3CF177B7E27009AADC8 /* PSSAppDelegate.m in Sources */ = {isa = PBXBuildFile; fileRef = AD72C3CE177B7E27009AADC8 /* PSSAppDelegate.m */; };
		AD72C3D2177B7E27009AADC8 /* Main_iPhone.storyboard in Resources */ = {isa = PBXBuildFile; fileRef = AD72C3D0177B7E27009AADC8 /* Main_iPhone.storyboard */; };
		AD72C3D5177B7E27009AADC8 /* Main_iPad.storyboard in Resources */ = {isa = PBXBuildFile; fileRef = AD72C3D3177B7E27009AADC8 /* Main_iPad.storyboard */; };
		AD72C3D8177B7E27009AADC8 /* Password_Sync_2.xcdatamodeld in Sources */ = {isa = PBXBuildFile; fileRef = AD72C3D6177B7E27009AADC8 /* Password_Sync_2.xcdatamodeld */; };
		AD72C3DB177B7E27009AADC8 /* PSSMasterViewController.m in Sources */ = {isa = PBXBuildFile; fileRef = AD72C3DA177B7E27009AADC8 /* PSSMasterViewController.m */; };
		AD72C3DE177B7E27009AADC8 /* PSSDetailViewController.m in Sources */ = {isa = PBXBuildFile; fileRef = AD72C3DD177B7E27009AADC8 /* PSSDetailViewController.m */; };
		AD72C3E0177B7E27009AADC8 /* Images.xcassets in Resources */ = {isa = PBXBuildFile; fileRef = AD72C3DF177B7E27009AADC8 /* Images.xcassets */; };
		AD72C3E7177B7E28009AADC8 /* XCTest.framework in Frameworks */ = {isa = PBXBuildFile; fileRef = AD72C3E6177B7E28009AADC8 /* XCTest.framework */; };
		AD72C3E8177B7E28009AADC8 /* Foundation.framework in Frameworks */ = {isa = PBXBuildFile; fileRef = AD72C3BC177B7E27009AADC8 /* Foundation.framework */; };
		AD72C3E9177B7E28009AADC8 /* UIKit.framework in Frameworks */ = {isa = PBXBuildFile; fileRef = AD72C3C0177B7E27009AADC8 /* UIKit.framework */; };
		AD72C3EA177B7E28009AADC8 /* CoreData.framework in Frameworks */ = {isa = PBXBuildFile; fileRef = AD72C3C2177B7E27009AADC8 /* CoreData.framework */; };
		AD72C3F2177B7E28009AADC8 /* InfoPlist.strings in Resources */ = {isa = PBXBuildFile; fileRef = AD72C3F0177B7E28009AADC8 /* InfoPlist.strings */; };
		AD72C3F4177B7E28009AADC8 /* Password_Sync_2Tests.m in Sources */ = {isa = PBXBuildFile; fileRef = AD72C3F3177B7E28009AADC8 /* Password_Sync_2Tests.m */; };
		AD72C3FF177B8BF3009AADC8 /* StoreKit.framework in Frameworks */ = {isa = PBXBuildFile; fileRef = AD72C3FE177B8BF3009AADC8 /* StoreKit.framework */; };
		ADDC8B84177CEA8300021D92 /* PSSObjectAttachment.m in Sources */ = {isa = PBXBuildFile; fileRef = ADDC8B83177CEA8300021D92 /* PSSObjectAttachment.m */; };
		ADDC8B85177CEA8300021D92 /* PSSObjectAttachment.m in Sources */ = {isa = PBXBuildFile; fileRef = ADDC8B83177CEA8300021D92 /* PSSObjectAttachment.m */; };
		ADDC8B88177CEA8400021D92 /* PSSBaseObjectVersion.m in Sources */ = {isa = PBXBuildFile; fileRef = ADDC8B87177CEA8400021D92 /* PSSBaseObjectVersion.m */; };
		ADDC8B89177CEA8400021D92 /* PSSBaseObjectVersion.m in Sources */ = {isa = PBXBuildFile; fileRef = ADDC8B87177CEA8400021D92 /* PSSBaseObjectVersion.m */; };
		ADDC8B8C177CEA8400021D92 /* PSSObjectCategory.m in Sources */ = {isa = PBXBuildFile; fileRef = ADDC8B8B177CEA8400021D92 /* PSSObjectCategory.m */; };
		ADDC8B8D177CEA8400021D92 /* PSSObjectCategory.m in Sources */ = {isa = PBXBuildFile; fileRef = ADDC8B8B177CEA8400021D92 /* PSSObjectCategory.m */; };
		ADDC8B90177CEA8400021D92 /* PSSCreditCardVersion.m in Sources */ = {isa = PBXBuildFile; fileRef = ADDC8B8F177CEA8400021D92 /* PSSCreditCardVersion.m */; };
		ADDC8B91177CEA8400021D92 /* PSSCreditCardVersion.m in Sources */ = {isa = PBXBuildFile; fileRef = ADDC8B8F177CEA8400021D92 /* PSSCreditCardVersion.m */; };
		ADDC8B94177CEA8400021D92 /* PSSNoteVersion.m in Sources */ = {isa = PBXBuildFile; fileRef = ADDC8B93177CEA8400021D92 /* PSSNoteVersion.m */; };
		ADDC8B95177CEA8400021D92 /* PSSNoteVersion.m in Sources */ = {isa = PBXBuildFile; fileRef = ADDC8B93177CEA8400021D92 /* PSSNoteVersion.m */; };
		ADDC8B98177CEA8400021D92 /* PSSObjectTag.m in Sources */ = {isa = PBXBuildFile; fileRef = ADDC8B97177CEA8400021D92 /* PSSObjectTag.m */; };
		ADDC8B99177CEA8400021D92 /* PSSObjectTag.m in Sources */ = {isa = PBXBuildFile; fileRef = ADDC8B97177CEA8400021D92 /* PSSObjectTag.m */; };
		ADDC8B9C177CEA8400021D92 /* PSSPasswordVersion.m in Sources */ = {isa = PBXBuildFile; fileRef = ADDC8B9B177CEA8400021D92 /* PSSPasswordVersion.m */; };
		ADDC8B9D177CEA8400021D92 /* PSSPasswordVersion.m in Sources */ = {isa = PBXBuildFile; fileRef = ADDC8B9B177CEA8400021D92 /* PSSPasswordVersion.m */; };
		ADDC8BA0177CEA8400021D92 /* PSSObjectDecorativeImage.m in Sources */ = {isa = PBXBuildFile; fileRef = ADDC8B9F177CEA8400021D92 /* PSSObjectDecorativeImage.m */; };
		ADDC8BA1177CEA8400021D92 /* PSSObjectDecorativeImage.m in Sources */ = {isa = PBXBuildFile; fileRef = ADDC8B9F177CEA8400021D92 /* PSSObjectDecorativeImage.m */; };
		ADDC8BA4177CEA8400021D92 /* PSSCreditCardBaseObject.m in Sources */ = {isa = PBXBuildFile; fileRef = ADDC8BA3177CEA8400021D92 /* PSSCreditCardBaseObject.m */; };
		ADDC8BA5177CEA8400021D92 /* PSSCreditCardBaseObject.m in Sources */ = {isa = PBXBuildFile; fileRef = ADDC8BA3177CEA8400021D92 /* PSSCreditCardBaseObject.m */; };
		ADDC8BA8177CEA8400021D92 /* PSSPasswordBaseObject.m in Sources */ = {isa = PBXBuildFile; fileRef = ADDC8BA7177CEA8400021D92 /* PSSPasswordBaseObject.m */; };
		ADDC8BA9177CEA8400021D92 /* PSSPasswordBaseObject.m in Sources */ = {isa = PBXBuildFile; fileRef = ADDC8BA7177CEA8400021D92 /* PSSPasswordBaseObject.m */; };
		ADDC8BAC177CEA8400021D92 /* PSSBaseGenericObject.m in Sources */ = {isa = PBXBuildFile; fileRef = ADDC8BAB177CEA8400021D92 /* PSSBaseGenericObject.m */; };
		ADDC8BAD177CEA8400021D92 /* PSSBaseGenericObject.m in Sources */ = {isa = PBXBuildFile; fileRef = ADDC8BAB177CEA8400021D92 /* PSSBaseGenericObject.m */; };
		ADDC8BB0177CEA8400021D92 /* PSSNoteBaseObject.m in Sources */ = {isa = PBXBuildFile; fileRef = ADDC8BAF177CEA8400021D92 /* PSSNoteBaseObject.m */; };
		ADDC8BB1177CEA8400021D92 /* PSSNoteBaseObject.m in Sources */ = {isa = PBXBuildFile; fileRef = ADDC8BAF177CEA8400021D92 /* PSSNoteBaseObject.m */; };
/* End PBXBuildFile section */

/* Begin PBXContainerItemProxy section */
		AD72C3EB177B7E28009AADC8 /* PBXContainerItemProxy */ = {
			isa = PBXContainerItemProxy;
			containerPortal = AD72C3B1177B7E27009AADC8 /* Project object */;
			proxyType = 1;
			remoteGlobalIDString = AD72C3B8177B7E27009AADC8;
			remoteInfo = "Password Sync 2";
		};
/* End PBXContainerItemProxy section */

/* Begin PBXFileReference section */
		AD72C3B9177B7E27009AADC8 /* Password Sync 2.app */ = {isa = PBXFileReference; explicitFileType = wrapper.application; includeInIndex = 0; path = "Password Sync 2.app"; sourceTree = BUILT_PRODUCTS_DIR; };
		AD72C3BC177B7E27009AADC8 /* Foundation.framework */ = {isa = PBXFileReference; lastKnownFileType = wrapper.framework; name = Foundation.framework; path = System/Library/Frameworks/Foundation.framework; sourceTree = SDKROOT; };
		AD72C3BE177B7E27009AADC8 /* CoreGraphics.framework */ = {isa = PBXFileReference; lastKnownFileType = wrapper.framework; name = CoreGraphics.framework; path = System/Library/Frameworks/CoreGraphics.framework; sourceTree = SDKROOT; };
		AD72C3C0177B7E27009AADC8 /* UIKit.framework */ = {isa = PBXFileReference; lastKnownFileType = wrapper.framework; name = UIKit.framework; path = System/Library/Frameworks/UIKit.framework; sourceTree = SDKROOT; };
		AD72C3C2177B7E27009AADC8 /* CoreData.framework */ = {isa = PBXFileReference; lastKnownFileType = wrapper.framework; name = CoreData.framework; path = System/Library/Frameworks/CoreData.framework; sourceTree = SDKROOT; };
		AD72C3C6177B7E27009AADC8 /* Password Sync 2-Info.plist */ = {isa = PBXFileReference; lastKnownFileType = text.plist.xml; path = "Password Sync 2-Info.plist"; sourceTree = "<group>"; };
		AD72C3C8177B7E27009AADC8 /* en */ = {isa = PBXFileReference; lastKnownFileType = text.plist.strings; name = en; path = en.lproj/InfoPlist.strings; sourceTree = "<group>"; };
		AD72C3CA177B7E27009AADC8 /* main.m */ = {isa = PBXFileReference; lastKnownFileType = sourcecode.c.objc; path = main.m; sourceTree = "<group>"; };
		AD72C3CC177B7E27009AADC8 /* Password Sync 2-Prefix.pch */ = {isa = PBXFileReference; lastKnownFileType = sourcecode.c.h; path = "Password Sync 2-Prefix.pch"; sourceTree = "<group>"; };
		AD72C3CD177B7E27009AADC8 /* PSSAppDelegate.h */ = {isa = PBXFileReference; lastKnownFileType = sourcecode.c.h; path = PSSAppDelegate.h; sourceTree = "<group>"; };
		AD72C3CE177B7E27009AADC8 /* PSSAppDelegate.m */ = {isa = PBXFileReference; lastKnownFileType = sourcecode.c.objc; path = PSSAppDelegate.m; sourceTree = "<group>"; };
		AD72C3D1177B7E27009AADC8 /* Base */ = {isa = PBXFileReference; lastKnownFileType = file.storyboard; name = Base; path = Base.lproj/Main_iPhone.storyboard; sourceTree = "<group>"; };
		AD72C3D4177B7E27009AADC8 /* Base */ = {isa = PBXFileReference; lastKnownFileType = file.storyboard; name = Base; path = Base.lproj/Main_iPad.storyboard; sourceTree = "<group>"; };
		AD72C3D7177B7E27009AADC8 /* Password_Sync_2.xcdatamodel */ = {isa = PBXFileReference; lastKnownFileType = wrapper.xcdatamodel; path = Password_Sync_2.xcdatamodel; sourceTree = "<group>"; };
		AD72C3D9177B7E27009AADC8 /* PSSMasterViewController.h */ = {isa = PBXFileReference; lastKnownFileType = sourcecode.c.h; path = PSSMasterViewController.h; sourceTree = "<group>"; };
		AD72C3DA177B7E27009AADC8 /* PSSMasterViewController.m */ = {isa = PBXFileReference; lastKnownFileType = sourcecode.c.objc; path = PSSMasterViewController.m; sourceTree = "<group>"; };
		AD72C3DC177B7E27009AADC8 /* PSSDetailViewController.h */ = {isa = PBXFileReference; lastKnownFileType = sourcecode.c.h; path = PSSDetailViewController.h; sourceTree = "<group>"; };
		AD72C3DD177B7E27009AADC8 /* PSSDetailViewController.m */ = {isa = PBXFileReference; lastKnownFileType = sourcecode.c.objc; path = PSSDetailViewController.m; sourceTree = "<group>"; };
		AD72C3DF177B7E27009AADC8 /* Images.xcassets */ = {isa = PBXFileReference; lastKnownFileType = folder.assetcatalog; path = Images.xcassets; sourceTree = "<group>"; };
		AD72C3E5177B7E28009AADC8 /* Password Sync 2Tests.xctest */ = {isa = PBXFileReference; explicitFileType = wrapper.cfbundle; includeInIndex = 0; path = "Password Sync 2Tests.xctest"; sourceTree = BUILT_PRODUCTS_DIR; };
		AD72C3E6177B7E28009AADC8 /* XCTest.framework */ = {isa = PBXFileReference; lastKnownFileType = wrapper.framework; name = XCTest.framework; path = Library/Frameworks/XCTest.framework; sourceTree = DEVELOPER_DIR; };
		AD72C3EF177B7E28009AADC8 /* Password Sync 2Tests-Info.plist */ = {isa = PBXFileReference; lastKnownFileType = text.plist.xml; path = "Password Sync 2Tests-Info.plist"; sourceTree = "<group>"; };
		AD72C3F1177B7E28009AADC8 /* en */ = {isa = PBXFileReference; lastKnownFileType = text.plist.strings; name = en; path = en.lproj/InfoPlist.strings; sourceTree = "<group>"; };
		AD72C3F3177B7E28009AADC8 /* Password_Sync_2Tests.m */ = {isa = PBXFileReference; lastKnownFileType = sourcecode.c.objc; path = Password_Sync_2Tests.m; sourceTree = "<group>"; };
		AD72C3FD177B8BD7009AADC8 /* Password Sync 2.entitlements */ = {isa = PBXFileReference; lastKnownFileType = text.xml; path = "Password Sync 2.entitlements"; sourceTree = "<group>"; };
		AD72C3FE177B8BF3009AADC8 /* StoreKit.framework */ = {isa = PBXFileReference; lastKnownFileType = wrapper.framework; name = StoreKit.framework; path = System/Library/Frameworks/StoreKit.framework; sourceTree = SDKROOT; };
		ADDC8B82177CEA8300021D92 /* PSSObjectAttachment.h */ = {isa = PBXFileReference; fileEncoding = 4; lastKnownFileType = sourcecode.c.h; path = PSSObjectAttachment.h; sourceTree = "<group>"; };
		ADDC8B83177CEA8300021D92 /* PSSObjectAttachment.m */ = {isa = PBXFileReference; fileEncoding = 4; lastKnownFileType = sourcecode.c.objc; path = PSSObjectAttachment.m; sourceTree = "<group>"; };
		ADDC8B86177CEA8400021D92 /* PSSBaseObjectVersion.h */ = {isa = PBXFileReference; fileEncoding = 4; lastKnownFileType = sourcecode.c.h; path = PSSBaseObjectVersion.h; sourceTree = "<group>"; };
		ADDC8B87177CEA8400021D92 /* PSSBaseObjectVersion.m */ = {isa = PBXFileReference; fileEncoding = 4; lastKnownFileType = sourcecode.c.objc; path = PSSBaseObjectVersion.m; sourceTree = "<group>"; };
		ADDC8B8A177CEA8400021D92 /* PSSObjectCategory.h */ = {isa = PBXFileReference; fileEncoding = 4; lastKnownFileType = sourcecode.c.h; path = PSSObjectCategory.h; sourceTree = "<group>"; };
		ADDC8B8B177CEA8400021D92 /* PSSObjectCategory.m */ = {isa = PBXFileReference; fileEncoding = 4; lastKnownFileType = sourcecode.c.objc; path = PSSObjectCategory.m; sourceTree = "<group>"; };
		ADDC8B8E177CEA8400021D92 /* PSSCreditCardVersion.h */ = {isa = PBXFileReference; fileEncoding = 4; lastKnownFileType = sourcecode.c.h; path = PSSCreditCardVersion.h; sourceTree = "<group>"; };
		ADDC8B8F177CEA8400021D92 /* PSSCreditCardVersion.m */ = {isa = PBXFileReference; fileEncoding = 4; lastKnownFileType = sourcecode.c.objc; path = PSSCreditCardVersion.m; sourceTree = "<group>"; };
		ADDC8B92177CEA8400021D92 /* PSSNoteVersion.h */ = {isa = PBXFileReference; fileEncoding = 4; lastKnownFileType = sourcecode.c.h; path = PSSNoteVersion.h; sourceTree = "<group>"; };
		ADDC8B93177CEA8400021D92 /* PSSNoteVersion.m */ = {isa = PBXFileReference; fileEncoding = 4; lastKnownFileType = sourcecode.c.objc; path = PSSNoteVersion.m; sourceTree = "<group>"; };
		ADDC8B96177CEA8400021D92 /* PSSObjectTag.h */ = {isa = PBXFileReference; fileEncoding = 4; lastKnownFileType = sourcecode.c.h; path = PSSObjectTag.h; sourceTree = "<group>"; };
		ADDC8B97177CEA8400021D92 /* PSSObjectTag.m */ = {isa = PBXFileReference; fileEncoding = 4; lastKnownFileType = sourcecode.c.objc; path = PSSObjectTag.m; sourceTree = "<group>"; };
		ADDC8B9A177CEA8400021D92 /* PSSPasswordVersion.h */ = {isa = PBXFileReference; fileEncoding = 4; lastKnownFileType = sourcecode.c.h; path = PSSPasswordVersion.h; sourceTree = "<group>"; };
		ADDC8B9B177CEA8400021D92 /* PSSPasswordVersion.m */ = {isa = PBXFileReference; fileEncoding = 4; lastKnownFileType = sourcecode.c.objc; path = PSSPasswordVersion.m; sourceTree = "<group>"; };
		ADDC8B9E177CEA8400021D92 /* PSSObjectDecorativeImage.h */ = {isa = PBXFileReference; fileEncoding = 4; lastKnownFileType = sourcecode.c.h; path = PSSObjectDecorativeImage.h; sourceTree = "<group>"; };
		ADDC8B9F177CEA8400021D92 /* PSSObjectDecorativeImage.m */ = {isa = PBXFileReference; fileEncoding = 4; lastKnownFileType = sourcecode.c.objc; path = PSSObjectDecorativeImage.m; sourceTree = "<group>"; };
		ADDC8BA2177CEA8400021D92 /* PSSCreditCardBaseObject.h */ = {isa = PBXFileReference; fileEncoding = 4; lastKnownFileType = sourcecode.c.h; path = PSSCreditCardBaseObject.h; sourceTree = "<group>"; };
		ADDC8BA3177CEA8400021D92 /* PSSCreditCardBaseObject.m */ = {isa = PBXFileReference; fileEncoding = 4; lastKnownFileType = sourcecode.c.objc; path = PSSCreditCardBaseObject.m; sourceTree = "<group>"; };
		ADDC8BA6177CEA8400021D92 /* PSSPasswordBaseObject.h */ = {isa = PBXFileReference; fileEncoding = 4; lastKnownFileType = sourcecode.c.h; path = PSSPasswordBaseObject.h; sourceTree = "<group>"; };
		ADDC8BA7177CEA8400021D92 /* PSSPasswordBaseObject.m */ = {isa = PBXFileReference; fileEncoding = 4; lastKnownFileType = sourcecode.c.objc; path = PSSPasswordBaseObject.m; sourceTree = "<group>"; };
		ADDC8BAA177CEA8400021D92 /* PSSBaseGenericObject.h */ = {isa = PBXFileReference; fileEncoding = 4; lastKnownFileType = sourcecode.c.h; path = PSSBaseGenericObject.h; sourceTree = "<group>"; };
		ADDC8BAB177CEA8400021D92 /* PSSBaseGenericObject.m */ = {isa = PBXFileReference; fileEncoding = 4; lastKnownFileType = sourcecode.c.objc; path = PSSBaseGenericObject.m; sourceTree = "<group>"; };
		ADDC8BAE177CEA8400021D92 /* PSSNoteBaseObject.h */ = {isa = PBXFileReference; fileEncoding = 4; lastKnownFileType = sourcecode.c.h; path = PSSNoteBaseObject.h; sourceTree = "<group>"; };
		ADDC8BAF177CEA8400021D92 /* PSSNoteBaseObject.m */ = {isa = PBXFileReference; fileEncoding = 4; lastKnownFileType = sourcecode.c.objc; path = PSSNoteBaseObject.m; sourceTree = "<group>"; };
/* End PBXFileReference section */

/* Begin PBXFrameworksBuildPhase section */
		AD72C3B6177B7E27009AADC8 /* Frameworks */ = {
			isa = PBXFrameworksBuildPhase;
			buildActionMask = 2147483647;
			files = (
				AD72C3FF177B8BF3009AADC8 /* StoreKit.framework in Frameworks */,
				AD72C3BF177B7E27009AADC8 /* CoreGraphics.framework in Frameworks */,
				AD72C3C3177B7E27009AADC8 /* CoreData.framework in Frameworks */,
				AD72C3C1177B7E27009AADC8 /* UIKit.framework in Frameworks */,
				AD72C3BD177B7E27009AADC8 /* Foundation.framework in Frameworks */,
			);
			runOnlyForDeploymentPostprocessing = 0;
		};
		AD72C3E2177B7E28009AADC8 /* Frameworks */ = {
			isa = PBXFrameworksBuildPhase;
			buildActionMask = 2147483647;
			files = (
				AD72C3E7177B7E28009AADC8 /* XCTest.framework in Frameworks */,
				AD72C3EA177B7E28009AADC8 /* CoreData.framework in Frameworks */,
				AD72C3E9177B7E28009AADC8 /* UIKit.framework in Frameworks */,
				AD72C3E8177B7E28009AADC8 /* Foundation.framework in Frameworks */,
			);
			runOnlyForDeploymentPostprocessing = 0;
		};
/* End PBXFrameworksBuildPhase section */

/* Begin PBXGroup section */
		AD72C3B0177B7E27009AADC8 = {
			isa = PBXGroup;
			children = (
				AD72C3C4177B7E27009AADC8 /* Password Sync 2 */,
				AD72C3ED177B7E28009AADC8 /* Password Sync 2Tests */,
				AD72C3BB177B7E27009AADC8 /* Frameworks */,
				AD72C3BA177B7E27009AADC8 /* Products */,
			);
			sourceTree = "<group>";
		};
		AD72C3BA177B7E27009AADC8 /* Products */ = {
			isa = PBXGroup;
			children = (
				AD72C3B9177B7E27009AADC8 /* Password Sync 2.app */,
				AD72C3E5177B7E28009AADC8 /* Password Sync 2Tests.xctest */,
			);
			name = Products;
			sourceTree = "<group>";
		};
		AD72C3BB177B7E27009AADC8 /* Frameworks */ = {
			isa = PBXGroup;
			children = (
				AD72C3FE177B8BF3009AADC8 /* StoreKit.framework */,
				AD72C3BC177B7E27009AADC8 /* Foundation.framework */,
				AD72C3BE177B7E27009AADC8 /* CoreGraphics.framework */,
				AD72C3C0177B7E27009AADC8 /* UIKit.framework */,
				AD72C3C2177B7E27009AADC8 /* CoreData.framework */,
				AD72C3E6177B7E28009AADC8 /* XCTest.framework */,
			);
			name = Frameworks;
			sourceTree = "<group>";
		};
		AD72C3C4177B7E27009AADC8 /* Password Sync 2 */ = {
			isa = PBXGroup;
			children = (
				AD72C3FD177B8BD7009AADC8 /* Password Sync 2.entitlements */,
				AD72C3CD177B7E27009AADC8 /* PSSAppDelegate.h */,
				AD72C3CE177B7E27009AADC8 /* PSSAppDelegate.m */,
				AD72C3D0177B7E27009AADC8 /* Main_iPhone.storyboard */,
				AD72C3D3177B7E27009AADC8 /* Main_iPad.storyboard */,
				AD72C3D9177B7E27009AADC8 /* PSSMasterViewController.h */,
				AD72C3DA177B7E27009AADC8 /* PSSMasterViewController.m */,
				AD72C3DC177B7E27009AADC8 /* PSSDetailViewController.h */,
				AD72C3DD177B7E27009AADC8 /* PSSDetailViewController.m */,
				AD72C3DF177B7E27009AADC8 /* Images.xcassets */,
				ADDC8BB2177CEA9E00021D92 /* Core Data Stack */,
				AD72C3C5177B7E27009AADC8 /* Supporting Files */,
			);
			path = "Password Sync 2";
			sourceTree = "<group>";
		};
		AD72C3C5177B7E27009AADC8 /* Supporting Files */ = {
			isa = PBXGroup;
			children = (
				AD72C3C6177B7E27009AADC8 /* Password Sync 2-Info.plist */,
				AD72C3C7177B7E27009AADC8 /* InfoPlist.strings */,
				AD72C3CA177B7E27009AADC8 /* main.m */,
				AD72C3CC177B7E27009AADC8 /* Password Sync 2-Prefix.pch */,
			);
			name = "Supporting Files";
			sourceTree = "<group>";
		};
		AD72C3ED177B7E28009AADC8 /* Password Sync 2Tests */ = {
			isa = PBXGroup;
			children = (
				AD72C3F3177B7E28009AADC8 /* Password_Sync_2Tests.m */,
				AD72C3EE177B7E28009AADC8 /* Supporting Files */,
			);
			path = "Password Sync 2Tests";
			sourceTree = "<group>";
		};
		AD72C3EE177B7E28009AADC8 /* Supporting Files */ = {
			isa = PBXGroup;
			children = (
				AD72C3EF177B7E28009AADC8 /* Password Sync 2Tests-Info.plist */,
				AD72C3F0177B7E28009AADC8 /* InfoPlist.strings */,
			);
			name = "Supporting Files";
			sourceTree = "<group>";
		};
		ADDC8BB2177CEA9E00021D92 /* Core Data Stack */ = {
			isa = PBXGroup;
			children = (
				AD72C3D6177B7E27009AADC8 /* Password_Sync_2.xcdatamodeld */,
				ADDC8BAE177CEA8400021D92 /* PSSNoteBaseObject.h */,
				ADDC8BAF177CEA8400021D92 /* PSSNoteBaseObject.m */,
				ADDC8BAA177CEA8400021D92 /* PSSBaseGenericObject.h */,
				ADDC8BAB177CEA8400021D92 /* PSSBaseGenericObject.m */,
				ADDC8BA6177CEA8400021D92 /* PSSPasswordBaseObject.h */,
				ADDC8BA7177CEA8400021D92 /* PSSPasswordBaseObject.m */,
				ADDC8BA2177CEA8400021D92 /* PSSCreditCardBaseObject.h */,
				ADDC8BA3177CEA8400021D92 /* PSSCreditCardBaseObject.m */,
				ADDC8B9E177CEA8400021D92 /* PSSObjectDecorativeImage.h */,
				ADDC8B9F177CEA8400021D92 /* PSSObjectDecorativeImage.m */,
				ADDC8B9A177CEA8400021D92 /* PSSPasswordVersion.h */,
				ADDC8B9B177CEA8400021D92 /* PSSPasswordVersion.m */,
				ADDC8B96177CEA8400021D92 /* PSSObjectTag.h */,
				ADDC8B97177CEA8400021D92 /* PSSObjectTag.m */,
				ADDC8B92177CEA8400021D92 /* PSSNoteVersion.h */,
				ADDC8B93177CEA8400021D92 /* PSSNoteVersion.m */,
				ADDC8B8E177CEA8400021D92 /* PSSCreditCardVersion.h */,
				ADDC8B8F177CEA8400021D92 /* PSSCreditCardVersion.m */,
				ADDC8B8A177CEA8400021D92 /* PSSObjectCategory.h */,
				ADDC8B8B177CEA8400021D92 /* PSSObjectCategory.m */,
				ADDC8B86177CEA8400021D92 /* PSSBaseObjectVersion.h */,
				ADDC8B87177CEA8400021D92 /* PSSBaseObjectVersion.m */,
				ADDC8B82177CEA8300021D92 /* PSSObjectAttachment.h */,
				ADDC8B83177CEA8300021D92 /* PSSObjectAttachment.m */,
			);
			name = "Core Data Stack";
			sourceTree = "<group>";
		};
/* End PBXGroup section */

/* Begin PBXNativeTarget section */
		AD72C3B8177B7E27009AADC8 /* Password Sync 2 */ = {
			isa = PBXNativeTarget;
			buildConfigurationList = AD72C3F7177B7E28009AADC8 /* Build configuration list for PBXNativeTarget "Password Sync 2" */;
			buildPhases = (
				AD72C3B5177B7E27009AADC8 /* Sources */,
				AD72C3B6177B7E27009AADC8 /* Frameworks */,
				AD72C3B7177B7E27009AADC8 /* Resources */,
			);
			buildRules = (
			);
			dependencies = (
			);
			name = "Password Sync 2";
			productName = "Password Sync 2";
			productReference = AD72C3B9177B7E27009AADC8 /* Password Sync 2.app */;
			productType = "com.apple.product-type.application";
		};
		AD72C3E4177B7E28009AADC8 /* Password Sync 2Tests */ = {
			isa = PBXNativeTarget;
			buildConfigurationList = AD72C3FA177B7E28009AADC8 /* Build configuration list for PBXNativeTarget "Password Sync 2Tests" */;
			buildPhases = (
				AD72C3E1177B7E28009AADC8 /* Sources */,
				AD72C3E2177B7E28009AADC8 /* Frameworks */,
				AD72C3E3177B7E28009AADC8 /* Resources */,
			);
			buildRules = (
			);
			dependencies = (
				AD72C3EC177B7E28009AADC8 /* PBXTargetDependency */,
			);
			name = "Password Sync 2Tests";
			productName = "Password Sync 2Tests";
			productReference = AD72C3E5177B7E28009AADC8 /* Password Sync 2Tests.xctest */;
			productType = "com.apple.product-type.bundle.unit-test";
		};
/* End PBXNativeTarget section */

/* Begin PBXProject section */
		AD72C3B1177B7E27009AADC8 /* Project object */ = {
			isa = PBXProject;
			attributes = {
				CLASSPREFIX = PSS;
				LastUpgradeCheck = 0500;
				ORGANIZATIONNAME = Pumax;
				TargetAttributes = {
					AD72C3B8177B7E27009AADC8 = {
						DevelopmentTeam = 8TAYB63A9E;
						SystemCapabilities = {
							com.apple.DataProtection = {
								enabled = 1;
							};
							com.apple.InAppPurchase = {
								enabled = 1;
							};
							com.apple.Keychain = {
								enabled = 1;
							};
							com.apple.iCloud = {
								enabled = 1;
							};
						};
					};
					AD72C3E4177B7E28009AADC8 = {
						TestTargetID = AD72C3B8177B7E27009AADC8;
					};
				};
			};
			buildConfigurationList = AD72C3B4177B7E27009AADC8 /* Build configuration list for PBXProject "Password Sync 2" */;
			compatibilityVersion = "Xcode 3.2";
			developmentRegion = English;
			hasScannedForEncodings = 0;
			knownRegions = (
				en,
				Base,
			);
			mainGroup = AD72C3B0177B7E27009AADC8;
			productRefGroup = AD72C3BA177B7E27009AADC8 /* Products */;
			projectDirPath = "";
			projectRoot = "";
			targets = (
				AD72C3B8177B7E27009AADC8 /* Password Sync 2 */,
				AD72C3E4177B7E28009AADC8 /* Password Sync 2Tests */,
			);
		};
/* End PBXProject section */

/* Begin PBXResourcesBuildPhase section */
		AD72C3B7177B7E27009AADC8 /* Resources */ = {
			isa = PBXResourcesBuildPhase;
			buildActionMask = 2147483647;
			files = (
				AD72C3D5177B7E27009AADC8 /* Main_iPad.storyboard in Resources */,
				AD72C3E0177B7E27009AADC8 /* Images.xcassets in Resources */,
				AD72C3D2177B7E27009AADC8 /* Main_iPhone.storyboard in Resources */,
				AD72C3C9177B7E27009AADC8 /* InfoPlist.strings in Resources */,
			);
			runOnlyForDeploymentPostprocessing = 0;
		};
		AD72C3E3177B7E28009AADC8 /* Resources */ = {
			isa = PBXResourcesBuildPhase;
			buildActionMask = 2147483647;
			files = (
				AD72C3F2177B7E28009AADC8 /* InfoPlist.strings in Resources */,
			);
			runOnlyForDeploymentPostprocessing = 0;
		};
/* End PBXResourcesBuildPhase section */

/* Begin PBXSourcesBuildPhase section */
		AD72C3B5177B7E27009AADC8 /* Sources */ = {
			isa = PBXSourcesBuildPhase;
			buildActionMask = 2147483647;
			files = (
				ADDC8B90177CEA8400021D92 /* PSSCreditCardVersion.m in Sources */,
				AD72C3CB177B7E27009AADC8 /* main.m in Sources */,
				ADDC8B9C177CEA8400021D92 /* PSSPasswordVersion.m in Sources */,
				ADDC8BA4177CEA8400021D92 /* PSSCreditCardBaseObject.m in Sources */,
				ADDC8B8C177CEA8400021D92 /* PSSObjectCategory.m in Sources */,
				AD72C3DE177B7E27009AADC8 /* PSSDetailViewController.m in Sources */,
				ADDC8BAC177CEA8400021D92 /* PSSBaseGenericObject.m in Sources */,
				ADDC8BB0177CEA8400021D92 /* PSSNoteBaseObject.m in Sources */,
				ADDC8BA0177CEA8400021D92 /* PSSObjectDecorativeImage.m in Sources */,
				AD72C3DB177B7E27009AADC8 /* PSSMasterViewController.m in Sources */,
				ADDC8B98177CEA8400021D92 /* PSSObjectTag.m in Sources */,
				AD72C3CF177B7E27009AADC8 /* PSSAppDelegate.m in Sources */,
				ADDC8BA8177CEA8400021D92 /* PSSPasswordBaseObject.m in Sources */,
				ADDC8B84177CEA8300021D92 /* PSSObjectAttachment.m in Sources */,
				ADDC8B94177CEA8400021D92 /* PSSNoteVersion.m in Sources */,
				AD72C3D8177B7E27009AADC8 /* Password_Sync_2.xcdatamodeld in Sources */,
				ADDC8B88177CEA8400021D92 /* PSSBaseObjectVersion.m in Sources */,
			);
			runOnlyForDeploymentPostprocessing = 0;
		};
		AD72C3E1177B7E28009AADC8 /* Sources */ = {
			isa = PBXSourcesBuildPhase;
			buildActionMask = 2147483647;
			files = (
				ADDC8B89177CEA8400021D92 /* PSSBaseObjectVersion.m in Sources */,
				ADDC8B8D177CEA8400021D92 /* PSSObjectCategory.m in Sources */,
				ADDC8BA9177CEA8400021D92 /* PSSPasswordBaseObject.m in Sources */,
				ADDC8B85177CEA8300021D92 /* PSSObjectAttachment.m in Sources */,
				ADDC8B95177CEA8400021D92 /* PSSNoteVersion.m in Sources */,
				ADDC8BA1177CEA8400021D92 /* PSSObjectDecorativeImage.m in Sources */,
				ADDC8BAD177CEA8400021D92 /* PSSBaseGenericObject.m in Sources */,
				ADDC8BA5177CEA8400021D92 /* PSSCreditCardBaseObject.m in Sources */,
				ADDC8B91177CEA8400021D92 /* PSSCreditCardVersion.m in Sources */,
				ADDC8BB1177CEA8400021D92 /* PSSNoteBaseObject.m in Sources */,
				AD72C3F4177B7E28009AADC8 /* Password_Sync_2Tests.m in Sources */,
				ADDC8B9D177CEA8400021D92 /* PSSPasswordVersion.m in Sources */,
				ADDC8B99177CEA8400021D92 /* PSSObjectTag.m in Sources */,
			);
			runOnlyForDeploymentPostprocessing = 0;
		};
/* End PBXSourcesBuildPhase section */

/* Begin PBXTargetDependency section */
		AD72C3EC177B7E28009AADC8 /* PBXTargetDependency */ = {
			isa = PBXTargetDependency;
			target = AD72C3B8177B7E27009AADC8 /* Password Sync 2 */;
			targetProxy = AD72C3EB177B7E28009AADC8 /* PBXContainerItemProxy */;
		};
/* End PBXTargetDependency section */

/* Begin PBXVariantGroup section */
		AD72C3C7177B7E27009AADC8 /* InfoPlist.strings */ = {
			isa = PBXVariantGroup;
			children = (
				AD72C3C8177B7E27009AADC8 /* en */,
			);
			name = InfoPlist.strings;
			sourceTree = "<group>";
		};
		AD72C3D0177B7E27009AADC8 /* Main_iPhone.storyboard */ = {
			isa = PBXVariantGroup;
			children = (
				AD72C3D1177B7E27009AADC8 /* Base */,
			);
			name = Main_iPhone.storyboard;
			sourceTree = "<group>";
		};
		AD72C3D3177B7E27009AADC8 /* Main_iPad.storyboard */ = {
			isa = PBXVariantGroup;
			children = (
				AD72C3D4177B7E27009AADC8 /* Base */,
			);
			name = Main_iPad.storyboard;
			sourceTree = "<group>";
		};
		AD72C3F0177B7E28009AADC8 /* InfoPlist.strings */ = {
			isa = PBXVariantGroup;
			children = (
				AD72C3F1177B7E28009AADC8 /* en */,
			);
			name = InfoPlist.strings;
			sourceTree = "<group>";
		};
/* End PBXVariantGroup section */

/* Begin XCBuildConfiguration section */
		AD72C3F5177B7E28009AADC8 /* Debug */ = {
			isa = XCBuildConfiguration;
			buildSettings = {
				ALWAYS_SEARCH_USER_PATHS = NO;
				CLANG_CXX_LANGUAGE_STANDARD = "gnu++0x";
				CLANG_CXX_LIBRARY = "libc++";
				CLANG_ENABLE_MODULES = YES;
				CLANG_ENABLE_OBJC_ARC = YES;
				CLANG_WARN_BOOL_CONVERSION = YES;
				CLANG_WARN_CONSTANT_CONVERSION = YES;
				CLANG_WARN_DIRECT_OBJC_ISA_USAGE = YES_ERROR;
				CLANG_WARN_EMPTY_BODY = YES;
				CLANG_WARN_ENUM_CONVERSION = YES;
				CLANG_WARN_INT_CONVERSION = YES;
				CLANG_WARN_OBJC_ROOT_CLASS = YES_ERROR;
				CLANG_WARN__DUPLICATE_METHOD_MATCH = YES;
				"CODE_SIGN_IDENTITY[sdk=iphoneos*]" = "iPhone Developer";
				COPY_PHASE_STRIP = NO;
				GCC_C_LANGUAGE_STANDARD = gnu99;
				GCC_DYNAMIC_NO_PIC = NO;
				GCC_OPTIMIZATION_LEVEL = 0;
				GCC_PREPROCESSOR_DEFINITIONS = (
					"DEBUG=1",
					"$(inherited)",
				);
				GCC_SYMBOLS_PRIVATE_EXTERN = NO;
				GCC_WARN_ABOUT_RETURN_TYPE = YES_ERROR;
				GCC_WARN_UNDECLARED_SELECTOR = YES;
				GCC_WARN_UNINITIALIZED_AUTOS = YES;
				GCC_WARN_UNUSED_FUNCTION = YES;
				GCC_WARN_UNUSED_VARIABLE = YES;
				IPHONEOS_DEPLOYMENT_TARGET = 7.0;
				ONLY_ACTIVE_ARCH = YES;
				SDKROOT = iphoneos;
				TARGETED_DEVICE_FAMILY = "1,2";
			};
			name = Debug;
		};
		AD72C3F6177B7E28009AADC8 /* Release */ = {
			isa = XCBuildConfiguration;
			buildSettings = {
				ALWAYS_SEARCH_USER_PATHS = NO;
				CLANG_CXX_LANGUAGE_STANDARD = "gnu++0x";
				CLANG_CXX_LIBRARY = "libc++";
				CLANG_ENABLE_MODULES = YES;
				CLANG_ENABLE_OBJC_ARC = YES;
				CLANG_WARN_BOOL_CONVERSION = YES;
				CLANG_WARN_CONSTANT_CONVERSION = YES;
				CLANG_WARN_DIRECT_OBJC_ISA_USAGE = YES_ERROR;
				CLANG_WARN_EMPTY_BODY = YES;
				CLANG_WARN_ENUM_CONVERSION = YES;
				CLANG_WARN_INT_CONVERSION = YES;
				CLANG_WARN_OBJC_ROOT_CLASS = YES_ERROR;
				CLANG_WARN__DUPLICATE_METHOD_MATCH = YES;
				"CODE_SIGN_IDENTITY[sdk=iphoneos*]" = "iPhone Developer";
				COPY_PHASE_STRIP = YES;
				ENABLE_NS_ASSERTIONS = NO;
				GCC_C_LANGUAGE_STANDARD = gnu99;
				GCC_WARN_ABOUT_RETURN_TYPE = YES_ERROR;
				GCC_WARN_UNDECLARED_SELECTOR = YES;
				GCC_WARN_UNINITIALIZED_AUTOS = YES;
				GCC_WARN_UNUSED_FUNCTION = YES;
				GCC_WARN_UNUSED_VARIABLE = YES;
				IPHONEOS_DEPLOYMENT_TARGET = 7.0;
				SDKROOT = iphoneos;
				TARGETED_DEVICE_FAMILY = "1,2";
				VALIDATE_PRODUCT = YES;
			};
			name = Release;
		};
		AD72C3F8177B7E28009AADC8 /* Debug */ = {
			isa = XCBuildConfiguration;
			buildSettings = {
				ASSETCATALOG_COMPILER_APPICON_NAME = AppIcon;
				ASSETCATALOG_COMPILER_LAUNCHIMAGE_NAME = LaunchImage;
				CODE_SIGN_ENTITLEMENTS = "Password Sync 2/Password Sync 2.entitlements";
				CODE_SIGN_IDENTITY = "iPhone Developer";
				GCC_PRECOMPILE_PREFIX_HEADER = YES;
				GCC_PREFIX_HEADER = "Password Sync 2/Password Sync 2-Prefix.pch";
				INFOPLIST_FILE = "Password Sync 2/Password Sync 2-Info.plist";
				PRODUCT_NAME = "$(TARGET_NAME)";
				WRAPPER_EXTENSION = app;
			};
			name = Debug;
		};
		AD72C3F9177B7E28009AADC8 /* Release */ = {
			isa = XCBuildConfiguration;
			buildSettings = {
				ASSETCATALOG_COMPILER_APPICON_NAME = AppIcon;
				ASSETCATALOG_COMPILER_LAUNCHIMAGE_NAME = LaunchImage;
				CODE_SIGN_ENTITLEMENTS = "Password Sync 2/Password Sync 2.entitlements";
				CODE_SIGN_IDENTITY = "iPhone Developer";
				GCC_PRECOMPILE_PREFIX_HEADER = YES;
				GCC_PREFIX_HEADER = "Password Sync 2/Password Sync 2-Prefix.pch";
				INFOPLIST_FILE = "Password Sync 2/Password Sync 2-Info.plist";
				PRODUCT_NAME = "$(TARGET_NAME)";
				WRAPPER_EXTENSION = app;
			};
			name = Release;
		};
		AD72C3FB177B7E28009AADC8 /* Debug */ = {
			isa = XCBuildConfiguration;
			buildSettings = {
				BUNDLE_LOADER = "$(BUILT_PRODUCTS_DIR)/Password Sync 2.app/Password Sync 2";
				FRAMEWORK_SEARCH_PATHS = (
					"$(SDKROOT)/Developer/Library/Frameworks",
					"$(inherited)",
					"$(SYSTEM_APPS_DIR)/Xcode5-DP.app/Contents/Developer/Library/Frameworks",
				);
				GCC_PRECOMPILE_PREFIX_HEADER = YES;
				GCC_PREFIX_HEADER = "Password Sync 2/Password Sync 2-Prefix.pch";
				GCC_PREPROCESSOR_DEFINITIONS = (
					"DEBUG=1",
					"$(inherited)",
				);
				INFOPLIST_FILE = "Password Sync 2Tests/Password Sync 2Tests-Info.plist";
				PRODUCT_NAME = "$(TARGET_NAME)";
				TEST_HOST = "$(BUNDLE_LOADER)";
				WRAPPER_EXTENSION = xctest;
			};
			name = Debug;
		};
		AD72C3FC177B7E28009AADC8 /* Release */ = {
			isa = XCBuildConfiguration;
			buildSettings = {
				BUNDLE_LOADER = "$(BUILT_PRODUCTS_DIR)/Password Sync 2.app/Password Sync 2";
				FRAMEWORK_SEARCH_PATHS = (
					"$(SDKROOT)/Developer/Library/Frameworks",
					"$(inherited)",
					"$(SYSTEM_APPS_DIR)/Xcode5-DP.app/Contents/Developer/Library/Frameworks",
				);
				GCC_PRECOMPILE_PREFIX_HEADER = YES;
				GCC_PREFIX_HEADER = "Password Sync 2/Password Sync 2-Prefix.pch";
				INFOPLIST_FILE = "Password Sync 2Tests/Password Sync 2Tests-Info.plist";
				PRODUCT_NAME = "$(TARGET_NAME)";
				TEST_HOST = "$(BUNDLE_LOADER)";
				WRAPPER_EXTENSION = xctest;
			};
			name = Release;
		};
/* End XCBuildConfiguration section */

/* Begin XCConfigurationList section */
		AD72C3B4177B7E27009AADC8 /* Build configuration list for PBXProject "Password Sync 2" */ = {
			isa = XCConfigurationList;
			buildConfigurations = (
				AD72C3F5177B7E28009AADC8 /* Debug */,
				AD72C3F6177B7E28009AADC8 /* Release */,
			);
			defaultConfigurationIsVisible = 0;
			defaultConfigurationName = Release;
		};
		AD72C3F7177B7E28009AADC8 /* Build configuration list for PBXNativeTarget "Password Sync 2" */ = {
			isa = XCConfigurationList;
			buildConfigurations = (
				AD72C3F8177B7E28009AADC8 /* Debug */,
				AD72C3F9177B7E28009AADC8 /* Release */,
			);
			defaultConfigurationIsVisible = 0;
			defaultConfigurationName = Release;
		};
		AD72C3FA177B7E28009AADC8 /* Build configuration list for PBXNativeTarget "Password Sync 2Tests" */ = {
			isa = XCConfigurationList;
			buildConfigurations = (
				AD72C3FB177B7E28009AADC8 /* Debug */,
				AD72C3FC177B7E28009AADC8 /* Release */,
			);
			defaultConfigurationIsVisible = 0;
			defaultConfigurationName = Release;
		};
/* End XCConfigurationList section */

/* Begin XCVersionGroup section */
		AD72C3D6177B7E27009AADC8 /* Password_Sync_2.xcdatamodeld */ = {
			isa = XCVersionGroup;
			children = (
				AD72C3D7177B7E27009AADC8 /* Password_Sync_2.xcdatamodel */,
			);
			currentVersion = AD72C3D7177B7E27009AADC8 /* Password_Sync_2.xcdatamodel */;
			path = Password_Sync_2.xcdatamodeld;
			sourceTree = "<group>";
			versionGroupType = wrapper.xcdatamodel;
		};
/* End XCVersionGroup section */
	};
	rootObject = AD72C3B1177B7E27009AADC8 /* Project object */;
}
